
Microsoft Visual Studio Solution File, Format Version 12.00
# Visual Studio 14
VisualStudioVersion = 14.0.23107.0
MinimumVisualStudioVersion = 10.0.40219.1
Project("{2150E333-8FDC-42A3-9474-1A3956D46DE8}") = "src", "src", "{1DD1CFFA-AE46-4560-84D5-3D27802577C2}"
EndProject
Project("{2150E333-8FDC-42A3-9474-1A3956D46DE8}") = "Solution Items", "Solution Items", "{83A29FD3-E6BC-4A78-879B-60487397EE9D}"
	ProjectSection(SolutionItems) = preProject
		global.json = global.json
		NuGet.Config = NuGet.Config
	EndProjectSection
EndProject
Project("{8BB2217D-0F2D-49D1-97BC-3654ED321F3B}") = "AdventOfCode15Day7", "src\AdventOfCode15Day7\AdventOfCode15Day7.xproj", "{EEAEBAE6-2563-4D0B-9895-9C0E0F0E8954}"
EndProject
Global
	GlobalSection(SolutionConfigurationPlatforms) = preSolution
		Debug|Any CPU = Debug|Any CPU
		Release|Any CPU = Release|Any CPU
	EndGlobalSection
	GlobalSection(ProjectConfigurationPlatforms) = postSolution
		{EEAEBAE6-2563-4D0B-9895-9C0E0F0E8954}.Debug|Any CPU.ActiveCfg = Debug|Any CPU
		{EEAEBAE6-2563-4D0B-9895-9C0E0F0E8954}.Debug|Any CPU.Build.0 = Debug|Any CPU
		{EEAEBAE6-2563-4D0B-9895-9C0E0F0E8954}.Release|Any CPU.ActiveCfg = Release|Any CPU
		{EEAEBAE6-2563-4D0B-9895-9C0E0F0E8954}.Release|Any CPU.Build.0 = Release|Any CPU
	EndGlobalSection
	GlobalSection(SolutionProperties) = preSolution
		HideSolutionNode = FALSE
	EndGlobalSection
	GlobalSection(NestedProjects) = preSolution
		{EEAEBAE6-2563-4D0B-9895-9C0E0F0E8954} = {1DD1CFFA-AE46-4560-84D5-3D27802577C2}
	EndGlobalSection
EndGlobal
